
Microsoft Visual Studio Solution File, Format Version 12.00
# Visual Studio Version 17
VisualStudioVersion = 17.14.36203.30
MinimumVisualStudioVersion = 10.0.40219.1
Project("{FAE04EC0-301F-11D3-BF4B-00C04F79EFBC}") = "BankingSystem.UI", "BankingSystem.UI\BankingSystem.UI.csproj", "{66E8C6B2-0AEF-4F34-BB47-5E7EFCC1FB9B}"
EndProject
Project("{FAE04EC0-301F-11D3-BF4B-00C04F79EFBC}") = "BankingSystem.Domain", "BankingSystem.Domain\BankingSystem.Domain.csproj", "{3EE4A697-ECC9-47C0-82B5-478799DB11EA}"
EndProject
Project("{FAE04EC0-301F-11D3-BF4B-00C04F79EFBC}") = "BankingSystem.Api", "BankingSystem.Api\BankingSystem.Api.csproj", "{CD46D90E-FB21-448C-9CAE-9119E7F03F7A}"
EndProject
Project("{FAE04EC0-301F-11D3-BF4B-00C04F79EFBC}") = "BankingSystem.Application", "BankingSystem.Application\BankingSystem.Application.csproj", "{F3627C3F-3207-4BB0-9F13-722FC31302D1}"
EndProject
Project("{FAE04EC0-301F-11D3-BF4B-00C04F79EFBC}") = "BankingSystem.Persistence", "BankingSystem.Persistence\BankingSystem.Persistence.csproj", "{B6562F97-11AD-48B1-8807-7A18069EDDB7}"
EndProject
Project("{2150E333-8FDC-42A3-9474-1A3956D46DE8}") = "src", "src", "{02EA681E-C7D8-13C7-8484-4AC65E1B71E8}"
EndProject
Project("{2150E333-8FDC-42A3-9474-1A3956D46DE8}") = "API", "API", "{8064DA8B-6A34-4F30-A38B-1C40F36B33E1}"
EndProject
Project("{2150E333-8FDC-42A3-9474-1A3956D46DE8}") = "Core", "Core", "{8AAA87A4-F6C7-4879-AB72-ED643FB07300}"
EndProject
Project("{2150E333-8FDC-42A3-9474-1A3956D46DE8}") = "Infrastructure", "Infrastructure", "{4C7A57DC-44F8-4245-AD68-3E7AE786682E}"
EndProject
Project("{2150E333-8FDC-42A3-9474-1A3956D46DE8}") = "UI", "UI", "{607CD35C-AB38-4EA4-A6AD-0871D09AC247}"
EndProject
Project("{FAE04EC0-301F-11D3-BF4B-00C04F79EFBC}") = "BankingSystem.WebUI", "BankingSystem.WebUI\BankingSystem.WebUI.csproj", "{07DDE7A3-76D2-4405-849A-595C11CC2077}"
EndProject
Project("{FAE04EC0-301F-11D3-BF4B-00C04F79EFBC}") = "BankingSystem.Identity", "BankingSystem.Identity\BankingSystem.Identity.csproj", "{0B5E0BA3-BDF4-4FAD-B50E-281D9375B822}"
EndProject
Global
	GlobalSection(SolutionConfigurationPlatforms) = preSolution
		Debug|Any CPU = Debug|Any CPU
		Release|Any CPU = Release|Any CPU
	EndGlobalSection
	GlobalSection(ProjectConfigurationPlatforms) = postSolution
		{66E8C6B2-0AEF-4F34-BB47-5E7EFCC1FB9B}.Debug|Any CPU.ActiveCfg = Debug|Any CPU
		{66E8C6B2-0AEF-4F34-BB47-5E7EFCC1FB9B}.Debug|Any CPU.Build.0 = Debug|Any CPU
		{66E8C6B2-0AEF-4F34-BB47-5E7EFCC1FB9B}.Release|Any CPU.ActiveCfg = Release|Any CPU
		{66E8C6B2-0AEF-4F34-BB47-5E7EFCC1FB9B}.Release|Any CPU.Build.0 = Release|Any CPU
		{3EE4A697-ECC9-47C0-82B5-478799DB11EA}.Debug|Any CPU.ActiveCfg = Debug|Any CPU
		{3EE4A697-ECC9-47C0-82B5-478799DB11EA}.Debug|Any CPU.Build.0 = Debug|Any CPU
		{3EE4A697-ECC9-47C0-82B5-478799DB11EA}.Release|Any CPU.ActiveCfg = Release|Any CPU
		{3EE4A697-ECC9-47C0-82B5-478799DB11EA}.Release|Any CPU.Build.0 = Release|Any CPU
		{CD46D90E-FB21-448C-9CAE-9119E7F03F7A}.Debug|Any CPU.ActiveCfg = Debug|Any CPU
		{CD46D90E-FB21-448C-9CAE-9119E7F03F7A}.Debug|Any CPU.Build.0 = Debug|Any CPU
		{CD46D90E-FB21-448C-9CAE-9119E7F03F7A}.Release|Any CPU.ActiveCfg = Release|Any CPU
		{CD46D90E-FB21-448C-9CAE-9119E7F03F7A}.Release|Any CPU.Build.0 = Release|Any CPU
		{F3627C3F-3207-4BB0-9F13-722FC31302D1}.Debug|Any CPU.ActiveCfg = Debug|Any CPU
		{F3627C3F-3207-4BB0-9F13-722FC31302D1}.Debug|Any CPU.Build.0 = Debug|Any CPU
		{F3627C3F-3207-4BB0-9F13-722FC31302D1}.Release|Any CPU.ActiveCfg = Release|Any CPU
		{F3627C3F-3207-4BB0-9F13-722FC31302D1}.Release|Any CPU.Build.0 = Release|Any CPU
		{B6562F97-11AD-48B1-8807-7A18069EDDB7}.Debug|Any CPU.ActiveCfg = Debug|Any CPU
		{B6562F97-11AD-48B1-8807-7A18069EDDB7}.Debug|Any CPU.Build.0 = Debug|Any CPU
		{B6562F97-11AD-48B1-8807-7A18069EDDB7}.Release|Any CPU.ActiveCfg = Release|Any CPU
		{B6562F97-11AD-48B1-8807-7A18069EDDB7}.Release|Any CPU.Build.0 = Release|Any CPU
		{07DDE7A3-76D2-4405-849A-595C11CC2077}.Debug|Any CPU.ActiveCfg = Debug|Any CPU
		{07DDE7A3-76D2-4405-849A-595C11CC2077}.Debug|Any CPU.Build.0 = Debug|Any CPU
		{07DDE7A3-76D2-4405-849A-595C11CC2077}.Release|Any CPU.ActiveCfg = Release|Any CPU
		{07DDE7A3-76D2-4405-849A-595C11CC2077}.Release|Any CPU.Build.0 = Release|Any CPU
		{0B5E0BA3-BDF4-4FAD-B50E-281D9375B822}.Debug|Any CPU.ActiveCfg = Debug|Any CPU
		{0B5E0BA3-BDF4-4FAD-B50E-281D9375B822}.Debug|Any CPU.Build.0 = Debug|Any CPU
		{0B5E0BA3-BDF4-4FAD-B50E-281D9375B822}.Release|Any CPU.ActiveCfg = Release|Any CPU
		{0B5E0BA3-BDF4-4FAD-B50E-281D9375B822}.Release|Any CPU.Build.0 = Release|Any CPU
	EndGlobalSection
	GlobalSection(SolutionProperties) = preSolution
		HideSolutionNode = FALSE
	EndGlobalSection
	GlobalSection(NestedProjects) = preSolution
		{66E8C6B2-0AEF-4F34-BB47-5E7EFCC1FB9B} = {607CD35C-AB38-4EA4-A6AD-0871D09AC247}
		{3EE4A697-ECC9-47C0-82B5-478799DB11EA} = {8AAA87A4-F6C7-4879-AB72-ED643FB07300}
		{CD46D90E-FB21-448C-9CAE-9119E7F03F7A} = {8064DA8B-6A34-4F30-A38B-1C40F36B33E1}
		{F3627C3F-3207-4BB0-9F13-722FC31302D1} = {8AAA87A4-F6C7-4879-AB72-ED643FB07300}
		{B6562F97-11AD-48B1-8807-7A18069EDDB7} = {4C7A57DC-44F8-4245-AD68-3E7AE786682E}
		{8064DA8B-6A34-4F30-A38B-1C40F36B33E1} = {02EA681E-C7D8-13C7-8484-4AC65E1B71E8}
		{8AAA87A4-F6C7-4879-AB72-ED643FB07300} = {02EA681E-C7D8-13C7-8484-4AC65E1B71E8}
		{4C7A57DC-44F8-4245-AD68-3E7AE786682E} = {02EA681E-C7D8-13C7-8484-4AC65E1B71E8}
		{607CD35C-AB38-4EA4-A6AD-0871D09AC247} = {02EA681E-C7D8-13C7-8484-4AC65E1B71E8}
		{07DDE7A3-76D2-4405-849A-595C11CC2077} = {607CD35C-AB38-4EA4-A6AD-0871D09AC247}
		{0B5E0BA3-BDF4-4FAD-B50E-281D9375B822} = {4C7A57DC-44F8-4245-AD68-3E7AE786682E}
	EndGlobalSection
	GlobalSection(ExtensibilityGlobals) = postSolution
		SolutionGuid = {A7A704AC-658B-4C1D-B753-FC9047E83803}
	EndGlobalSection
EndGlobal
